
Microsoft Visual Studio Solution File, Format Version 12.00
# Visual Studio Version 16
VisualStudioVersion = 16.0.30611.23
MinimumVisualStudioVersion = 10.0.40219.1
Project("{FAE04EC0-301F-11D3-BF4B-00C04F79EFBC}") = "XorGates", "XorGates\XorGates.csproj", "{092AEC97-60F4-44F3-A6BA-B021347B5AEE}"
EndProject
Global
	GlobalSection(SolutionConfigurationPlatforms) = preSolution
		Debug|Any CPU = Debug|Any CPU
		Release|Any CPU = Release|Any CPU
	EndGlobalSection
	GlobalSection(ProjectConfigurationPlatforms) = postSolution
		{092AEC97-60F4-44F3-A6BA-B021347B5AEE}.Debug|Any CPU.ActiveCfg = Debug|Any CPU
		{092AEC97-60F4-44F3-A6BA-B021347B5AEE}.Debug|Any CPU.Build.0 = Debug|Any CPU
		{092AEC97-60F4-44F3-A6BA-B021347B5AEE}.Release|Any CPU.ActiveCfg = Release|Any CPU
		{092AEC97-60F4-44F3-A6BA-B021347B5AEE}.Release|Any CPU.Build.0 = Release|Any CPU
	EndGlobalSection
	GlobalSection(SolutionProperties) = preSolution
		HideSolutionNode = FALSE
	EndGlobalSection
	GlobalSection(ExtensibilityGlobals) = postSolution
		SolutionGuid = {C39BAC7C-47FE-415C-BC65-C8B9314F2479}
	EndGlobalSection
EndGlobal
